
Microsoft Visual Studio Solution File, Format Version 12.00
# Visual Studio Version 17
VisualStudioVersion = 17.9.34728.123
MinimumVisualStudioVersion = 10.0.40219.1
Project("{FAE04EC0-301F-11D3-BF4B-00C04F79EFBC}") = "Nikii_Pic", "Nikii_Pic.csproj", "{A5AE0D81-2229-406C-AE4D-FC8053103813}"
EndProject
Global
	GlobalSection(SolutionConfigurationPlatforms) = preSolution
		Debug|Any CPU = Debug|Any CPU
		Release|Any CPU = Release|Any CPU
	EndGlobalSection
	GlobalSection(ProjectConfigurationPlatforms) = postSolution
		{A5AE0D81-2229-406C-AE4D-FC8053103813}.Debug|Any CPU.ActiveCfg = Debug|Any CPU
		{A5AE0D81-2229-406C-AE4D-FC8053103813}.Debug|Any CPU.Build.0 = Debug|Any CPU
		{A5AE0D81-2229-406C-AE4D-FC8053103813}.Release|Any CPU.ActiveCfg = Release|Any CPU
		{A5AE0D81-2229-406C-AE4D-FC8053103813}.Release|Any CPU.Build.0 = Release|Any CPU
	EndGlobalSection
	GlobalSection(SolutionProperties) = preSolution
		HideSolutionNode = FALSE
	EndGlobalSection
	GlobalSection(ExtensibilityGlobals) = postSolution
		SolutionGuid = {1B1063F7-2A35-4422-8F17-6F2957FE7E41}
	EndGlobalSection
EndGlobal
